
Microsoft Visual Studio Solution File, Format Version 12.00
# Visual Studio Version 17
VisualStudioVersion = 17.11.35219.272
MinimumVisualStudioVersion = 10.0.40219.1
Project("{9A19103F-16F7-4668-BE54-9A1E7A4F7556}") = "AmbEmpleados", "AmbEmpleados.csproj", "{06FDD889-ED5E-4ECE-B0CE-6B0EE7F6DD0E}"
EndProject
Global
	GlobalSection(SolutionConfigurationPlatforms) = preSolution
		Debug|Any CPU = Debug|Any CPU
		Release|Any CPU = Release|Any CPU
	EndGlobalSection
	GlobalSection(ProjectConfigurationPlatforms) = postSolution
		{06FDD889-ED5E-4ECE-B0CE-6B0EE7F6DD0E}.Debug|Any CPU.ActiveCfg = Debug|Any CPU
		{06FDD889-ED5E-4ECE-B0CE-6B0EE7F6DD0E}.Debug|Any CPU.Build.0 = Debug|Any CPU
		{06FDD889-ED5E-4ECE-B0CE-6B0EE7F6DD0E}.Release|Any CPU.ActiveCfg = Release|Any CPU
		{06FDD889-ED5E-4ECE-B0CE-6B0EE7F6DD0E}.Release|Any CPU.Build.0 = Release|Any CPU
	EndGlobalSection
	GlobalSection(SolutionProperties) = preSolution
		HideSolutionNode = FALSE
	EndGlobalSection
	GlobalSection(ExtensibilityGlobals) = postSolution
		SolutionGuid = {F7D74B17-F217-415F-B9F8-3EB5463ABCBB}
	EndGlobalSection
EndGlobal
